// !$*UTF8*$!
{
	archiveVersion = 1;
	classes = {
	};
	objectVersion = 50;
	objects = {

/* Begin PBXBuildFile section */
		D1460710222AA2CD009C8697 /* AppDelegate.swift in Sources */ = {isa = PBXBuildFile; fileRef = D146070F222AA2CD009C8697 /* AppDelegate.swift */; };
		D1460712222AA2CD009C8697 /* ViewController.swift in Sources */ = {isa = PBXBuildFile; fileRef = D1460711222AA2CD009C8697 /* ViewController.swift */; };
		D1460715222AA2CD009C8697 /* Main.storyboard in Resources */ = {isa = PBXBuildFile; fileRef = D1460713222AA2CD009C8697 /* Main.storyboard */; };
		D1460717222AA2CF009C8697 /* Assets.xcassets in Resources */ = {isa = PBXBuildFile; fileRef = D1460716222AA2CF009C8697 /* Assets.xcassets */; };
		D146071A222AA2CF009C8697 /* LaunchScreen.storyboard in Resources */ = {isa = PBXBuildFile; fileRef = D1460718222AA2CF009C8697 /* LaunchScreen.storyboard */; };
		D1460725222AA2CF009C8697 /* learn_swiftTests.swift in Sources */ = {isa = PBXBuildFile; fileRef = D1460724222AA2CF009C8697 /* learn_swiftTests.swift */; };
		D1460730222AA2CF009C8697 /* learn_swiftUITests.swift in Sources */ = {isa = PBXBuildFile; fileRef = D146072F222AA2CF009C8697 /* learn_swiftUITests.swift */; };
		D146073F222AA383009C8697 /* CollectionTypes.swift in Sources */ = {isa = PBXBuildFile; fileRef = D146073E222AA383009C8697 /* CollectionTypes.swift */; };
		D1B2B80A222C513E00FD3ED7 /* Closures.swift in Sources */ = {isa = PBXBuildFile; fileRef = D1B2B809222C513E00FD3ED7 /* Closures.swift */; };
		D1CE73AA2239BB2C00D07728 /* Init.swift in Sources */ = {isa = PBXBuildFile; fileRef = D1CE73A92239BB2C00D07728 /* Init.swift */; };
/* End PBXBuildFile section */

/* Begin PBXContainerItemProxy section */
		D1460721222AA2CF009C8697 /* PBXContainerItemProxy */ = {
			isa = PBXContainerItemProxy;
			containerPortal = D1460704222AA2CD009C8697 /* Project object */;
			proxyType = 1;
			remoteGlobalIDString = D146070B222AA2CD009C8697;
			remoteInfo = "learn-swift";
		};
		D146072C222AA2CF009C8697 /* PBXContainerItemProxy */ = {
			isa = PBXContainerItemProxy;
			containerPortal = D1460704222AA2CD009C8697 /* Project object */;
			proxyType = 1;
			remoteGlobalIDString = D146070B222AA2CD009C8697;
			remoteInfo = "learn-swift";
		};
/* End PBXContainerItemProxy section */

/* Begin PBXFileReference section */
		D146070C222AA2CD009C8697 /* learn-swift.app */ = {isa = PBXFileReference; explicitFileType = wrapper.application; includeInIndex = 0; path = "learn-swift.app"; sourceTree = BUILT_PRODUCTS_DIR; };
		D146070F222AA2CD009C8697 /* AppDelegate.swift */ = {isa = PBXFileReference; lastKnownFileType = sourcecode.swift; path = AppDelegate.swift; sourceTree = "<group>"; };
		D1460711222AA2CD009C8697 /* ViewController.swift */ = {isa = PBXFileReference; lastKnownFileType = sourcecode.swift; path = ViewController.swift; sourceTree = "<group>"; };
		D1460714222AA2CD009C8697 /* Base */ = {isa = PBXFileReference; lastKnownFileType = file.storyboard; name = Base; path = Base.lproj/Main.storyboard; sourceTree = "<group>"; };
		D1460716222AA2CF009C8697 /* Assets.xcassets */ = {isa = PBXFileReference; lastKnownFileType = folder.assetcatalog; path = Assets.xcassets; sourceTree = "<group>"; };
		D1460719222AA2CF009C8697 /* Base */ = {isa = PBXFileReference; lastKnownFileType = file.storyboard; name = Base; path = Base.lproj/LaunchScreen.storyboard; sourceTree = "<group>"; };
		D146071B222AA2CF009C8697 /* Info.plist */ = {isa = PBXFileReference; lastKnownFileType = text.plist.xml; path = Info.plist; sourceTree = "<group>"; };
		D1460720222AA2CF009C8697 /* learn-swiftTests.xctest */ = {isa = PBXFileReference; explicitFileType = wrapper.cfbundle; includeInIndex = 0; path = "learn-swiftTests.xctest"; sourceTree = BUILT_PRODUCTS_DIR; };
		D1460724222AA2CF009C8697 /* learn_swiftTests.swift */ = {isa = PBXFileReference; lastKnownFileType = sourcecode.swift; path = learn_swiftTests.swift; sourceTree = "<group>"; };
		D1460726222AA2CF009C8697 /* Info.plist */ = {isa = PBXFileReference; lastKnownFileType = text.plist.xml; path = Info.plist; sourceTree = "<group>"; };
		D146072B222AA2CF009C8697 /* learn-swiftUITests.xctest */ = {isa = PBXFileReference; explicitFileType = wrapper.cfbundle; includeInIndex = 0; path = "learn-swiftUITests.xctest"; sourceTree = BUILT_PRODUCTS_DIR; };
		D146072F222AA2CF009C8697 /* learn_swiftUITests.swift */ = {isa = PBXFileReference; lastKnownFileType = sourcecode.swift; path = learn_swiftUITests.swift; sourceTree = "<group>"; };
		D1460731222AA2CF009C8697 /* Info.plist */ = {isa = PBXFileReference; lastKnownFileType = text.plist.xml; path = Info.plist; sourceTree = "<group>"; };
		D146073E222AA383009C8697 /* CollectionTypes.swift */ = {isa = PBXFileReference; lastKnownFileType = sourcecode.swift; path = CollectionTypes.swift; sourceTree = "<group>"; };
		D1B2B809222C513E00FD3ED7 /* Closures.swift */ = {isa = PBXFileReference; lastKnownFileType = sourcecode.swift; path = Closures.swift; sourceTree = "<group>"; };
		D1CE73A92239BB2C00D07728 /* Init.swift */ = {isa = PBXFileReference; lastKnownFileType = sourcecode.swift; path = Init.swift; sourceTree = "<group>"; };
/* End PBXFileReference section */

/* Begin PBXFrameworksBuildPhase section */
		D1460709222AA2CD009C8697 /* Frameworks */ = {
			isa = PBXFrameworksBuildPhase;
			buildActionMask = 2147483647;
			files = (
			);
			runOnlyForDeploymentPostprocessing = 0;
		};
		D146071D222AA2CF009C8697 /* Frameworks */ = {
			isa = PBXFrameworksBuildPhase;
			buildActionMask = 2147483647;
			files = (
			);
			runOnlyForDeploymentPostprocessing = 0;
		};
		D1460728222AA2CF009C8697 /* Frameworks */ = {
			isa = PBXFrameworksBuildPhase;
			buildActionMask = 2147483647;
			files = (
			);
			runOnlyForDeploymentPostprocessing = 0;
		};
/* End PBXFrameworksBuildPhase section */

/* Begin PBXGroup section */
		D1460703222AA2CD009C8697 = {
			isa = PBXGroup;
			children = (
				D146073D222AA36E009C8697 /* book */,
				D146070E222AA2CD009C8697 /* learn-swift */,
				D1460723222AA2CF009C8697 /* learn-swiftTests */,
				D146072E222AA2CF009C8697 /* learn-swiftUITests */,
				D146070D222AA2CD009C8697 /* Products */,
			);
			sourceTree = "<group>";
		};
		D146070D222AA2CD009C8697 /* Products */ = {
			isa = PBXGroup;
			children = (
				D146070C222AA2CD009C8697 /* learn-swift.app */,
				D1460720222AA2CF009C8697 /* learn-swiftTests.xctest */,
				D146072B222AA2CF009C8697 /* learn-swiftUITests.xctest */,
			);
			name = Products;
			sourceTree = "<group>";
		};
		D146070E222AA2CD009C8697 /* learn-swift */ = {
			isa = PBXGroup;
			children = (
				D146070F222AA2CD009C8697 /* AppDelegate.swift */,
				D1460711222AA2CD009C8697 /* ViewController.swift */,
				D1460713222AA2CD009C8697 /* Main.storyboard */,
				D1460716222AA2CF009C8697 /* Assets.xcassets */,
				D1460718222AA2CF009C8697 /* LaunchScreen.storyboard */,
				D146071B222AA2CF009C8697 /* Info.plist */,
			);
			path = "learn-swift";
			sourceTree = "<group>";
		};
		D1460723222AA2CF009C8697 /* learn-swiftTests */ = {
			isa = PBXGroup;
			children = (
				D1460724222AA2CF009C8697 /* learn_swiftTests.swift */,
				D1460726222AA2CF009C8697 /* Info.plist */,
			);
			path = "learn-swiftTests";
			sourceTree = "<group>";
		};
		D146072E222AA2CF009C8697 /* learn-swiftUITests */ = {
			isa = PBXGroup;
			children = (
				D146072F222AA2CF009C8697 /* learn_swiftUITests.swift */,
				D1460731222AA2CF009C8697 /* Info.plist */,
			);
			path = "learn-swiftUITests";
			sourceTree = "<group>";
		};
		D146073D222AA36E009C8697 /* book */ = {
			isa = PBXGroup;
			children = (
				D146073E222AA383009C8697 /* CollectionTypes.swift */,
				D1B2B809222C513E00FD3ED7 /* Closures.swift */,
				D1CE73A92239BB2C00D07728 /* Init.swift */,
			);
			path = book;
			sourceTree = "<group>";
		};
/* End PBXGroup section */

/* Begin PBXNativeTarget section */
		D146070B222AA2CD009C8697 /* learn-swift */ = {
			isa = PBXNativeTarget;
			buildConfigurationList = D1460734222AA2CF009C8697 /* Build configuration list for PBXNativeTarget "learn-swift" */;
			buildPhases = (
				D1460708222AA2CD009C8697 /* Sources */,
				D1460709222AA2CD009C8697 /* Frameworks */,
				D146070A222AA2CD009C8697 /* Resources */,
			);
			buildRules = (
			);
			dependencies = (
			);
			name = "learn-swift";
			productName = "learn-swift";
			productReference = D146070C222AA2CD009C8697 /* learn-swift.app */;
			productType = "com.apple.product-type.application";
		};
		D146071F222AA2CF009C8697 /* learn-swiftTests */ = {
			isa = PBXNativeTarget;
			buildConfigurationList = D1460737222AA2CF009C8697 /* Build configuration list for PBXNativeTarget "learn-swiftTests" */;
			buildPhases = (
				D146071C222AA2CF009C8697 /* Sources */,
				D146071D222AA2CF009C8697 /* Frameworks */,
				D146071E222AA2CF009C8697 /* Resources */,
			);
			buildRules = (
			);
			dependencies = (
				D1460722222AA2CF009C8697 /* PBXTargetDependency */,
			);
			name = "learn-swiftTests";
			productName = "learn-swiftTests";
			productReference = D1460720222AA2CF009C8697 /* learn-swiftTests.xctest */;
			productType = "com.apple.product-type.bundle.unit-test";
		};
		D146072A222AA2CF009C8697 /* learn-swiftUITests */ = {
			isa = PBXNativeTarget;
			buildConfigurationList = D146073A222AA2CF009C8697 /* Build configuration list for PBXNativeTarget "learn-swiftUITests" */;
			buildPhases = (
				D1460727222AA2CF009C8697 /* Sources */,
				D1460728222AA2CF009C8697 /* Frameworks */,
				D1460729222AA2CF009C8697 /* Resources */,
			);
			buildRules = (
			);
			dependencies = (
				D146072D222AA2CF009C8697 /* PBXTargetDependency */,
			);
			name = "learn-swiftUITests";
			productName = "learn-swiftUITests";
			productReference = D146072B222AA2CF009C8697 /* learn-swiftUITests.xctest */;
			productType = "com.apple.product-type.bundle.ui-testing";
		};
/* End PBXNativeTarget section */

/* Begin PBXProject section */
		D1460704222AA2CD009C8697 /* Project object */ = {
			isa = PBXProject;
			attributes = {
				LastSwiftUpdateCheck = 1010;
				LastUpgradeCheck = 1010;
				ORGANIZATIONNAME = "Sergey Lypko";
				TargetAttributes = {
					D146070B222AA2CD009C8697 = {
						CreatedOnToolsVersion = 10.1;
					};
					D146071F222AA2CF009C8697 = {
						CreatedOnToolsVersion = 10.1;
						TestTargetID = D146070B222AA2CD009C8697;
					};
					D146072A222AA2CF009C8697 = {
						CreatedOnToolsVersion = 10.1;
						TestTargetID = D146070B222AA2CD009C8697;
					};
				};
			};
			buildConfigurationList = D1460707222AA2CD009C8697 /* Build configuration list for PBXProject "learn-swift" */;
			compatibilityVersion = "Xcode 9.3";
			developmentRegion = en;
			hasScannedForEncodings = 0;
			knownRegions = (
				en,
				Base,
			);
			mainGroup = D1460703222AA2CD009C8697;
			productRefGroup = D146070D222AA2CD009C8697 /* Products */;
			projectDirPath = "";
			projectRoot = "";
			targets = (
				D146070B222AA2CD009C8697 /* learn-swift */,
				D146071F222AA2CF009C8697 /* learn-swiftTests */,
				D146072A222AA2CF009C8697 /* learn-swiftUITests */,
			);
		};
/* End PBXProject section */

/* Begin PBXResourcesBuildPhase section */
		D146070A222AA2CD009C8697 /* Resources */ = {
			isa = PBXResourcesBuildPhase;
			buildActionMask = 2147483647;
			files = (
				D146071A222AA2CF009C8697 /* LaunchScreen.storyboard in Resources */,
				D1460717222AA2CF009C8697 /* Assets.xcassets in Resources */,
				D1460715222AA2CD009C8697 /* Main.storyboard in Resources */,
			);
			runOnlyForDeploymentPostprocessing = 0;
		};
		D146071E222AA2CF009C8697 /* Resources */ = {
			isa = PBXResourcesBuildPhase;
			buildActionMask = 2147483647;
			files = (
			);
			runOnlyForDeploymentPostprocessing = 0;
		};
		D1460729222AA2CF009C8697 /* Resources */ = {
			isa = PBXResourcesBuildPhase;
			buildActionMask = 2147483647;
			files = (
			);
			runOnlyForDeploymentPostprocessing = 0;
		};
/* End PBXResourcesBuildPhase section */

/* Begin PBXSourcesBuildPhase section */
		D1460708222AA2CD009C8697 /* Sources */ = {
			isa = PBXSourcesBuildPhase;
			buildActionMask = 2147483647;
			files = (
				D146073F222AA383009C8697 /* CollectionTypes.swift in Sources */,
				D1B2B80A222C513E00FD3ED7 /* Closures.swift in Sources */,
				D1460712222AA2CD009C8697 /* ViewController.swift in Sources */,
				D1CE73AA2239BB2C00D07728 /* Init.swift in Sources */,
				D1460710222AA2CD009C8697 /* AppDelegate.swift in Sources */,
			);
			runOnlyForDeploymentPostprocessing = 0;
		};
		D146071C222AA2CF009C8697 /* Sources */ = {
			isa = PBXSourcesBuildPhase;
			buildActionMask = 2147483647;
			files = (
				D1460725222AA2CF009C8697 /* learn_swiftTests.swift in Sources */,
			);
			runOnlyForDeploymentPostprocessing = 0;
		};
		D1460727222AA2CF009C8697 /* Sources */ = {
			isa = PBXSourcesBuildPhase;
			buildActionMask = 2147483647;
			files = (
				D1460730222AA2CF009C8697 /* learn_swiftUITests.swift in Sources */,
			);
			runOnlyForDeploymentPostprocessing = 0;
		};
/* End PBXSourcesBuildPhase section */

/* Begin PBXTargetDependency section */
		D1460722222AA2CF009C8697 /* PBXTargetDependency */ = {
			isa = PBXTargetDependency;
			target = D146070B222AA2CD009C8697 /* learn-swift */;
			targetProxy = D1460721222AA2CF009C8697 /* PBXContainerItemProxy */;
		};
		D146072D222AA2CF009C8697 /* PBXTargetDependency */ = {
			isa = PBXTargetDependency;
			target = D146070B222AA2CD009C8697 /* learn-swift */;
			targetProxy = D146072C222AA2CF009C8697 /* PBXContainerItemProxy */;
		};
/* End PBXTargetDependency section */

/* Begin PBXVariantGroup section */
		D1460713222AA2CD009C8697 /* Main.storyboard */ = {
			isa = PBXVariantGroup;
			children = (
				D1460714222AA2CD009C8697 /* Base */,
			);
			name = Main.storyboard;
			sourceTree = "<group>";
		};
		D1460718222AA2CF009C8697 /* LaunchScreen.storyboard */ = {
			isa = PBXVariantGroup;
			children = (
				D1460719222AA2CF009C8697 /* Base */,
			);
			name = LaunchScreen.storyboard;
			sourceTree = "<group>";
		};
/* End PBXVariantGroup section */

/* Begin XCBuildConfiguration section */
		D1460732222AA2CF009C8697 /* Debug */ = {
			isa = XCBuildConfiguration;
			buildSettings = {
				ALWAYS_SEARCH_USER_PATHS = NO;
				CLANG_ANALYZER_NONNULL = YES;
				CLANG_ANALYZER_NUMBER_OBJECT_CONVERSION = YES_AGGRESSIVE;
				CLANG_CXX_LANGUAGE_STANDARD = "gnu++14";
				CLANG_CXX_LIBRARY = "libc++";
				CLANG_ENABLE_MODULES = YES;
				CLANG_ENABLE_OBJC_ARC = YES;
				CLANG_ENABLE_OBJC_WEAK = YES;
				CLANG_WARN_BLOCK_CAPTURE_AUTORELEASING = YES;
				CLANG_WARN_BOOL_CONVERSION = YES;
				CLANG_WARN_COMMA = YES;
				CLANG_WARN_CONSTANT_CONVERSION = YES;
				CLANG_WARN_DEPRECATED_OBJC_IMPLEMENTATIONS = YES;
				CLANG_WARN_DIRECT_OBJC_ISA_USAGE = YES_ERROR;
				CLANG_WARN_DOCUMENTATION_COMMENTS = YES;
				CLANG_WARN_EMPTY_BODY = YES;
				CLANG_WARN_ENUM_CONVERSION = YES;
				CLANG_WARN_INFINITE_RECURSION = YES;
				CLANG_WARN_INT_CONVERSION = YES;
				CLANG_WARN_NON_LITERAL_NULL_CONVERSION = YES;
				CLANG_WARN_OBJC_IMPLICIT_RETAIN_SELF = YES;
				CLANG_WARN_OBJC_LITERAL_CONVERSION = YES;
				CLANG_WARN_OBJC_ROOT_CLASS = YES_ERROR;
				CLANG_WARN_RANGE_LOOP_ANALYSIS = YES;
				CLANG_WARN_STRICT_PROTOTYPES = YES;
				CLANG_WARN_SUSPICIOUS_MOVE = YES;
				CLANG_WARN_UNGUARDED_AVAILABILITY = YES_AGGRESSIVE;
				CLANG_WARN_UNREACHABLE_CODE = YES;
				CLANG_WARN__DUPLICATE_METHOD_MATCH = YES;
				CODE_SIGN_IDENTITY = "iPhone Developer";
				COPY_PHASE_STRIP = NO;
				DEBUG_INFORMATION_FORMAT = dwarf;
				ENABLE_STRICT_OBJC_MSGSEND = YES;
				ENABLE_TESTABILITY = YES;
				GCC_C_LANGUAGE_STANDARD = gnu11;
				GCC_DYNAMIC_NO_PIC = NO;
				GCC_NO_COMMON_BLOCKS = YES;
				GCC_OPTIMIZATION_LEVEL = 0;
				GCC_PREPROCESSOR_DEFINITIONS = (
					"DEBUG=1",
					"$(inherited)",
				);
				GCC_WARN_64_TO_32_BIT_CONVERSION = YES;
				GCC_WARN_ABOUT_RETURN_TYPE = YES_ERROR;
				GCC_WARN_UNDECLARED_SELECTOR = YES;
				GCC_WARN_UNINITIALIZED_AUTOS = YES_AGGRESSIVE;
				GCC_WARN_UNUSED_FUNCTION = YES;
				GCC_WARN_UNUSED_VARIABLE = YES;
				IPHONEOS_DEPLOYMENT_TARGET = 12.1;
				MTL_ENABLE_DEBUG_INFO = INCLUDE_SOURCE;
				MTL_FAST_MATH = YES;
				ONLY_ACTIVE_ARCH = YES;
				SDKROOT = iphoneos;
				SWIFT_ACTIVE_COMPILATION_CONDITIONS = DEBUG;
				SWIFT_OPTIMIZATION_LEVEL = "-Onone";
			};
			name = Debug;
		};
		D1460733222AA2CF009C8697 /* Release */ = {
			isa = XCBuildConfiguration;
			buildSettings = {
				ALWAYS_SEARCH_USER_PATHS = NO;
				CLANG_ANALYZER_NONNULL = YES;
				CLANG_ANALYZER_NUMBER_OBJECT_CONVERSION = YES_AGGRESSIVE;
				CLANG_CXX_LANGUAGE_STANDARD = "gnu++14";
				CLANG_CXX_LIBRARY = "libc++";
				CLANG_ENABLE_MODULES = YES;
				CLANG_ENABLE_OBJC_ARC = YES;
				CLANG_ENABLE_OBJC_WEAK = YES;
				CLANG_WARN_BLOCK_CAPTURE_AUTORELEASING = YES;
				CLANG_WARN_BOOL_CONVERSION = YES;
				CLANG_WARN_COMMA = YES;
				CLANG_WARN_CONSTANT_CONVERSION = YES;
				CLANG_WARN_DEPRECATED_OBJC_IMPLEMENTATIONS = YES;
				CLANG_WARN_DIRECT_OBJC_ISA_USAGE = YES_ERROR;
				CLANG_WARN_DOCUMENTATION_COMMENTS = YES;
				CLANG_WARN_EMPTY_BODY = YES;
				CLANG_WARN_ENUM_CONVERSION = YES;
				CLANG_WARN_INFINITE_RECURSION = YES;
				CLANG_WARN_INT_CONVERSION = YES;
				CLANG_WARN_NON_LITERAL_NULL_CONVERSION = YES;
				CLANG_WARN_OBJC_IMPLICIT_RETAIN_SELF = YES;
				CLANG_WARN_OBJC_LITERAL_CONVERSION = YES;
				CLANG_WARN_OBJC_ROOT_CLASS = YES_ERROR;
				CLANG_WARN_RANGE_LOOP_ANALYSIS = YES;
				CLANG_WARN_STRICT_PROTOTYPES = YES;
				CLANG_WARN_SUSPICIOUS_MOVE = YES;
				CLANG_WARN_UNGUARDED_AVAILABILITY = YES_AGGRESSIVE;
				CLANG_WARN_UNREACHABLE_CODE = YES;
				CLANG_WARN__DUPLICATE_METHOD_MATCH = YES;
				CODE_SIGN_IDENTITY = "iPhone Developer";
				COPY_PHASE_STRIP = NO;
				DEBUG_INFORMATION_FORMAT = "dwarf-with-dsym";
				ENABLE_NS_ASSERTIONS = NO;
				ENABLE_STRICT_OBJC_MSGSEND = YES;
				GCC_C_LANGUAGE_STANDARD = gnu11;
				GCC_NO_COMMON_BLOCKS = YES;
				GCC_WARN_64_TO_32_BIT_CONVERSION = YES;
				GCC_WARN_ABOUT_RETURN_TYPE = YES_ERROR;
				GCC_WARN_UNDECLARED_SELECTOR = YES;
				GCC_WARN_UNINITIALIZED_AUTOS = YES_AGGRESSIVE;
				GCC_WARN_UNUSED_FUNCTION = YES;
				GCC_WARN_UNUSED_VARIABLE = YES;
				IPHONEOS_DEPLOYMENT_TARGET = 12.1;
				MTL_ENABLE_DEBUG_INFO = NO;
				MTL_FAST_MATH = YES;
				SDKROOT = iphoneos;
				SWIFT_COMPILATION_MODE = wholemodule;
				SWIFT_OPTIMIZATION_LEVEL = "-O";
				VALIDATE_PRODUCT = YES;
			};
			name = Release;
		};
		D1460735222AA2CF009C8697 /* Debug */ = {
			isa = XCBuildConfiguration;
			buildSettings = {
				ASSETCATALOG_COMPILER_APPICON_NAME = AppIcon;
				CODE_SIGN_STYLE = Automatic;
				INFOPLIST_FILE = "learn-swift/Info.plist";
				LD_RUNPATH_SEARCH_PATHS = (
					"$(inherited)",
					"@executable_path/Frameworks",
				);
				PRODUCT_BUNDLE_IDENTIFIER = "Serg.learn-swift";
				PRODUCT_NAME = "$(TARGET_NAME)";
				SWIFT_VERSION = 4.2;
				TARGETED_DEVICE_FAMILY = "1,2";
			};
			name = Debug;
		};
		D1460736222AA2CF009C8697 /* Release */ = {
			isa = XCBuildConfiguration;
			buildSettings = {
				ASSETCATALOG_COMPILER_APPICON_NAME = AppIcon;
				CODE_SIGN_STYLE = Automatic;
				INFOPLIST_FILE = "learn-swift/Info.plist";
				LD_RUNPATH_SEARCH_PATHS = (
					"$(inherited)",
					"@executable_path/Frameworks",
				);
				PRODUCT_BUNDLE_IDENTIFIER = "Serg.learn-swift";
				PRODUCT_NAME = "$(TARGET_NAME)";
				SWIFT_VERSION = 4.2;
				TARGETED_DEVICE_FAMILY = "1,2";
			};
			name = Release;
		};
		D1460738222AA2CF009C8697 /* Debug */ = {
			isa = XCBuildConfiguration;
			buildSettings = {
				ALWAYS_EMBED_SWIFT_STANDARD_LIBRARIES = YES;
				BUNDLE_LOADER = "$(TEST_HOST)";
				CODE_SIGN_STYLE = Automatic;
				INFOPLIST_FILE = "learn-swiftTests/Info.plist";
				LD_RUNPATH_SEARCH_PATHS = (
					"$(inherited)",
					"@executable_path/Frameworks",
					"@loader_path/Frameworks",
				);
				PRODUCT_BUNDLE_IDENTIFIER = "Serg.learn-swiftTests";
				PRODUCT_NAME = "$(TARGET_NAME)";
				SWIFT_VERSION = 4.2;
				TARGETED_DEVICE_FAMILY = "1,2";
				TEST_HOST = "$(BUILT_PRODUCTS_DIR)/learn-swift.app/learn-swift";
			};
			name = Debug;
		};
		D1460739222AA2CF009C8697 /* Release */ = {
			isa = XCBuildConfiguration;
			buildSettings = {
				ALWAYS_EMBED_SWIFT_STANDARD_LIBRARIES = YES;
				BUNDLE_LOADER = "$(TEST_HOST)";
				CODE_SIGN_STYLE = Automatic;
				INFOPLIST_FILE = "learn-swiftTests/Info.plist";
				LD_RUNPATH_SEARCH_PATHS = (
					"$(inherited)",
					"@executable_path/Frameworks",
					"@loader_path/Frameworks",
				);
				PRODUCT_BUNDLE_IDENTIFIER = "Serg.learn-swiftTests";
				PRODUCT_NAME = "$(TARGET_NAME)";
				SWIFT_VERSION = 4.2;
				TARGETED_DEVICE_FAMILY = "1,2";
				TEST_HOST = "$(BUILT_PRODUCTS_DIR)/learn-swift.app/learn-swift";
			};
			name = Release;
		};
		D146073B222AA2CF009C8697 /* Debug */ = {
			isa = XCBuildConfiguration;
			buildSettings = {
				ALWAYS_EMBED_SWIFT_STANDARD_LIBRARIES = YES;
				CODE_SIGN_STYLE = Automatic;
				INFOPLIST_FILE = "learn-swiftUITests/Info.plist";
				LD_RUNPATH_SEARCH_PATHS = (
					"$(inherited)",
					"@executable_path/Frameworks",
					"@loader_path/Frameworks",
				);
				PRODUCT_BUNDLE_IDENTIFIER = "Serg.learn-swiftUITests";
				PRODUCT_NAME = "$(TARGET_NAME)";
				SWIFT_VERSION = 4.2;
				TARGETED_DEVICE_FAMILY = "1,2";
				TEST_TARGET_NAME = "learn-swift";
			};
			name = Debug;
		};
		D146073C222AA2CF009C8697 /* Release */ = {
			isa = XCBuildConfiguration;
			buildSettings = {
				ALWAYS_EMBED_SWIFT_STANDARD_LIBRARIES = YES;
				CODE_SIGN_STYLE = Automatic;
				INFOPLIST_FILE = "learn-swiftUITests/Info.plist";
				LD_RUNPATH_SEARCH_PATHS = (
					"$(inherited)",
					"@executable_path/Frameworks",
					"@loader_path/Frameworks",
				);
				PRODUCT_BUNDLE_IDENTIFIER = "Serg.learn-swiftUITests";
				PRODUCT_NAME = "$(TARGET_NAME)";
				SWIFT_VERSION = 4.2;
				TARGETED_DEVICE_FAMILY = "1,2";
				TEST_TARGET_NAME = "learn-swift";
			};
			name = Release;
		};
/* End XCBuildConfiguration section */

/* Begin XCConfigurationList section */
		D1460707222AA2CD009C8697 /* Build configuration list for PBXProject "learn-swift" */ = {
			isa = XCConfigurationList;
			buildConfigurations = (
				D1460732222AA2CF009C8697 /* Debug */,
				D1460733222AA2CF009C8697 /* Release */,
			);
			defaultConfigurationIsVisible = 0;
			defaultConfigurationName = Release;
		};
		D1460734222AA2CF009C8697 /* Build configuration list for PBXNativeTarget "learn-swift" */ = {
			isa = XCConfigurationList;
			buildConfigurations = (
				D1460735222AA2CF009C8697 /* Debug */,
				D1460736222AA2CF009C8697 /* Release */,
			);
			defaultConfigurationIsVisible = 0;
			defaultConfigurationName = Release;
		};
		D1460737222AA2CF009C8697 /* Build configuration list for PBXNativeTarget "learn-swiftTests" */ = {
			isa = XCConfigurationList;
			buildConfigurations = (
				D1460738222AA2CF009C8697 /* Debug */,
				D1460739222AA2CF009C8697 /* Release */,
			);
			defaultConfigurationIsVisible = 0;
			defaultConfigurationName = Release;
		};
		D146073A222AA2CF009C8697 /* Build configuration list for PBXNativeTarget "learn-swiftUITests" */ = {
			isa = XCConfigurationList;
			buildConfigurations = (
				D146073B222AA2CF009C8697 /* Debug */,
				D146073C222AA2CF009C8697 /* Release */,
			);
			defaultConfigurationIsVisible = 0;
			defaultConfigurationName = Release;
		};
/* End XCConfigurationList section */
	};
	rootObject = D1460704222AA2CD009C8697 /* Project object */;
}
